{
    "version": 3,
    "terraform_version": "0.11.10",
    "serial": 13,
    "lineage": "678aab40-0a06-b1dd-7a3b-ef63f1b9b708",
    "modules": [
        {
            "path": [
                "root"
            ],
            "outputs": {},
            "resources": {
                "docker_container.idp": {
                    "type": "docker_container",
                    "depends_on": [
                        "docker_network.private"
                    ],
                    "primary": {
                        "id": "e07595097bf10f00b0ee75bb1fe6b0beee74b2eefa13bd961ecfb2e3ac5e4c07",
                        "attributes": {
                            "attach": "false",
                            "bridge": "",
                            "env.#": "4",
                            "env.2220827916": "DOCKER_DB_USER=postgres",
                            "env.3300330367": "REDIS_URL=redis://redis",
                            "env.3725405179": "DOCKER_DB_HOST=db",
                            "env.770086896": "DATABASE_URL=postgres://postgres@db",
                            "gateway": "192.168.80.1",
                            "id": "e07595097bf10f00b0ee75bb1fe6b0beee74b2eefa13bd961ecfb2e3ac5e4c07",
                            "image": "identity-idp_web:latest",
                            "ip_address": "192.168.80.2",
                            "ip_prefix_length": "20",
                            "log_driver": "json-file",
                            "logs": "false",
                            "must_run": "true",
                            "name": "web",
                            "network_data.#": "1",
                            "network_data.0.gateway": "192.168.80.1",
                            "network_data.0.ip_address": "192.168.80.2",
                            "network_data.0.ip_prefix_length": "20",
                            "network_data.0.network_name": "private",
                            "networks_advanced.#": "1",
                            "networks_advanced.2237765597.aliases.#": "0",
                            "networks_advanced.2237765597.ipv4_address": "",
                            "networks_advanced.2237765597.ipv6_address": "",
                            "networks_advanced.2237765597.name": "private",
                            "ports.#": "1",
                            "ports.0.external": "3000",
                            "ports.0.internal": "3000",
                            "ports.0.ip": "0.0.0.0",
                            "ports.0.protocol": "tcp",
                            "restart": "no",
                            "rm": "false",
                            "start": "true",
                            "user": "upaya",
                            "volumes.#": "1",
                            "volumes.194096647.container_path": "/upaya",
                            "volumes.194096647.from_container": "",
                            "volumes.194096647.host_path": "/Users/usds/go/src/github.com/nickrobison/cms_authz",
                            "volumes.194096647.read_only": "false",
                            "volumes.194096647.volume_name": ""
                        },
                        "meta": {},
                        "tainted": false
                    },
                    "deposed": [],
                    "provider": "provider.docker"
                },
                "docker_container.postgres": {
                    "type": "docker_container",
                    "depends_on": [
                        "docker_image.postgres",
                        "docker_network.private"
                    ],
                    "primary": {
                        "id": "d4e636032928debb53e18444374736e09b208968717bd54afe49ce057a080422",
                        "attributes": {
                            "attach": "false",
                            "bridge": "",
                            "gateway": "192.168.80.1",
                            "id": "d4e636032928debb53e18444374736e09b208968717bd54afe49ce057a080422",
                            "image": "sha256:7a2907672aabc8acef32a62a1e0af63bc3e461377376a9201e45a87be3f075c2",
                            "ip_address": "192.168.80.3",
                            "ip_prefix_length": "20",
                            "log_driver": "json-file",
                            "logs": "false",
                            "must_run": "true",
                            "name": "db",
                            "network_data.#": "1",
                            "network_data.0.gateway": "192.168.80.1",
                            "network_data.0.ip_address": "192.168.80.3",
                            "network_data.0.ip_prefix_length": "20",
                            "network_data.0.network_name": "private",
                            "networks_advanced.#": "1",
                            "networks_advanced.2323624486.aliases.#": "1",
                            "networks_advanced.2323624486.aliases.3824466984": "db",
                            "networks_advanced.2323624486.ipv4_address": "",
                            "networks_advanced.2323624486.ipv6_address": "",
                            "networks_advanced.2323624486.name": "private",
                            "ports.#": "0",
                            "restart": "no",
                            "rm": "false",
                            "start": "true"
                        },
                        "meta": {},
                        "tainted": false
                    },
                    "deposed": [],
                    "provider": "provider.docker"
                },
                "docker_container.redis": {
                    "type": "docker_container",
                    "depends_on": [
                        "docker_image.redis",
                        "docker_network.private"
                    ],
                    "primary": {
                        "id": "42104ab6387d26010487d123eb7d54c7d505708519d18a0141cd921f83e372e9",
                        "attributes": {
                            "attach": "false",
                            "bridge": "",
                            "gateway": "192.168.80.1",
                            "id": "42104ab6387d26010487d123eb7d54c7d505708519d18a0141cd921f83e372e9",
                            "image": "sha256:1babb1dde7e1fc7520ce56ce6d39843a074151bb192522b1988c65a067b15e96",
                            "ip_address": "192.168.80.2",
                            "ip_prefix_length": "20",
                            "log_driver": "json-file",
                            "logs": "false",
                            "must_run": "true",
                            "name": "redis",
                            "network_data.#": "1",
                            "network_data.0.gateway": "192.168.80.1",
                            "network_data.0.ip_address": "192.168.80.2",
                            "network_data.0.ip_prefix_length": "20",
                            "network_data.0.network_name": "private",
                            "networks_advanced.#": "1",
                            "networks_advanced.2288497418.aliases.#": "1",
                            "networks_advanced.2288497418.aliases.2066075671": "redis",
                            "networks_advanced.2288497418.ipv4_address": "",
                            "networks_advanced.2288497418.ipv6_address": "",
                            "networks_advanced.2288497418.name": "private",
                            "ports.#": "0",
                            "restart": "no",
                            "rm": "false",
                            "start": "true"
                        },
                        "meta": {},
                        "tainted": false
                    },
                    "deposed": [],
                    "provider": "provider.docker"
                },
                "docker_image.postgres": {
                    "type": "docker_image",
                    "depends_on": [],
                    "primary": {
                        "id": "sha256:7a2907672aabc8acef32a62a1e0af63bc3e461377376a9201e45a87be3f075c2postgres",
                        "attributes": {
                            "id": "sha256:7a2907672aabc8acef32a62a1e0af63bc3e461377376a9201e45a87be3f075c2postgres",
                            "latest": "sha256:7a2907672aabc8acef32a62a1e0af63bc3e461377376a9201e45a87be3f075c2",
                            "name": "postgres"
                        },
                        "meta": {},
                        "tainted": false
                    },
                    "deposed": [],
                    "provider": "provider.docker"
                },
                "docker_image.redis": {
                    "type": "docker_image",
                    "depends_on": [],
                    "primary": {
                        "id": "sha256:1babb1dde7e1fc7520ce56ce6d39843a074151bb192522b1988c65a067b15e96redis",
                        "attributes": {
                            "id": "sha256:1babb1dde7e1fc7520ce56ce6d39843a074151bb192522b1988c65a067b15e96redis",
                            "latest": "sha256:1babb1dde7e1fc7520ce56ce6d39843a074151bb192522b1988c65a067b15e96",
                            "name": "redis"
                        },
                        "meta": {},
                        "tainted": false
                    },
                    "deposed": [],
                    "provider": "provider.docker"
                },
                "docker_network.private": {
                    "type": "docker_network",
                    "depends_on": [],
                    "primary": {
                        "id": "c097748e7515aff9209c8021a78f07f722f0ebd33ad3ddd690c1e189cd4dcfcf",
                        "attributes": {
                            "attachable": "false",
                            "driver": "bridge",
                            "id": "c097748e7515aff9209c8021a78f07f722f0ebd33ad3ddd690c1e189cd4dcfcf",
                            "ingress": "false",
                            "internal": "false",
                            "ipv6": "false",
                            "name": "private",
                            "options.%": "0",
                            "scope": "local"
                        },
                        "meta": {},
                        "tainted": false
                    },
                    "deposed": [],
                    "provider": "provider.docker"
                }
            },
            "depends_on": []
        }
    ]
}
